{
  "name": "ByteChain-Testnet-Beta",
  "lockfileVersion": 3,
  "requires": true,
  "packages": {
    "": {
      "dependencies": {
        "@types/bs58": "^4.0.4",
        "@types/elliptic": "^6.4.18",
        "@types/node": "^22.7.4",
        "@types/sha256": "^0.2.2"
      },
      "devDependencies": {
        "typescript": "^5.6.2"
      }
    },
    "node_modules/@types/bn.js": {
      "version": "5.1.6",
      "resolved": "https://registry.npmjs.org/@types/bn.js/-/bn.js-5.1.6.tgz",
      "integrity": "sha512-Xh8vSwUeMKeYYrj3cX4lGQgFSF/N03r+tv4AiLl1SucqV+uTQpxRcnM8AkXKHwYP9ZPXOYXRr2KPXpVlIvqh9w==",
      "license": "MIT",
      "dependencies": {
        "@types/node": "*"
      }
    },
    "node_modules/@types/bs58": {
      "version": "4.0.4",
      "resolved": "https://registry.npmjs.org/@types/bs58/-/bs58-4.0.4.tgz",
      "integrity": "sha512-0IEpMFXXQi2zXaXl9GJ3sRwQo0uEkD+yFOv+FnAU5lkPtcu6h61xb7jc2CFPEZ5BUOaiP13ThuGc9HD4R8lR5g==",
      "license": "MIT",
      "dependencies": {
        "@types/node": "*",
        "base-x": "^3.0.6"
      }
    },
    "node_modules/@types/elliptic": {
      "version": "6.4.18",
      "resolved": "https://registry.npmjs.org/@types/elliptic/-/elliptic-6.4.18.tgz",
      "integrity": "sha512-UseG6H5vjRiNpQvrhy4VF/JXdA3V/Fp5amvveaL+fs28BZ6xIKJBPnUPRlEaZpysD9MbpfaLi8lbl7PGUAkpWw==",
      "license": "MIT",
      "dependencies": {
        "@types/bn.js": "*"
      }
    },
    "node_modules/@types/node": {
      "version": "22.7.4",
      "resolved": "https://registry.npmjs.org/@types/node/-/node-22.7.4.tgz",
      "integrity": "sha512-y+NPi1rFzDs1NdQHHToqeiX2TIS79SWEAw9GYhkkx8bD0ChpfqC+n2j5OXOCpzfojBEBt6DnEnnG9MY0zk1XLg==",
      "license": "MIT",
      "dependencies": {
        "undici-types": "~6.19.2"
      }
    },
    "node_modules/@types/sha256": {
      "version": "0.2.2",
      "resolved": "https://registry.npmjs.org/@types/sha256/-/sha256-0.2.2.tgz",
      "integrity": "sha512-uKMaDzyzfcDYGEwTgLh+hmgDMxXWyIVodY8T+qt7A+NYvikW0lmGLMGbQ7BipCB8dzXHa55C9g+Ii/3Lgt1KmA==",
      "license": "MIT",
      "dependencies": {
        "@types/node": "*"
      }
    },
    "node_modules/base-x": {
      "version": "3.0.10",
      "resolved": "https://registry.npmjs.org/base-x/-/base-x-3.0.10.tgz",
      "integrity": "sha512-7d0s06rR9rYaIWHkpfLIFICM/tkSVdoPC9qYAQRpxn9DdKNWNsKC0uk++akckyLq16Tx2WIinnZ6WRriAt6njQ==",
      "license": "MIT",
      "dependencies": {
        "safe-buffer": "^5.0.1"
      }
    },
    "node_modules/safe-buffer": {
      "version": "5.2.1",
      "resolved": "https://registry.npmjs.org/safe-buffer/-/safe-buffer-5.2.1.tgz",
      "integrity": "sha512-rp3So07KcdmmKbGvgaNxQSJr7bGVSVk5S9Eq1F+ppbRo70+YeaDxkw5Dd8NPN+GD6bjnYm2VuPuCXmpuYvmCXQ==",
      "funding": [
        {
          "type": "github",
          "url": "https://github.com/sponsors/feross"
        },
        {
          "type": "patreon",
          "url": "https://www.patreon.com/feross"
        },
        {
          "type": "consulting",
          "url": "https://feross.org/support"
        }
      ],
      "license": "MIT"
    },
    "node_modules/typescript": {
      "version": "5.6.2",
      "resolved": "https://registry.npmjs.org/typescript/-/typescript-5.6.2.tgz",
      "integrity": "sha512-NW8ByodCSNCwZeghjN3o+JX5OFH0Ojg6sadjEKY4huZ52TqbJTJnDo5+Tw98lSy63NZvi4n+ez5m2u5d4PkZyw==",
      "dev": true,
      "license": "Apache-2.0",
      "bin": {
        "tsc": "bin/tsc",
        "tsserver": "bin/tsserver"
      },
      "engines": {
        "node": ">=14.17"
      }
    },
    "node_modules/undici-types": {
      "version": "6.19.8",
      "resolved": "https://registry.npmjs.org/undici-types/-/undici-types-6.19.8.tgz",
      "integrity": "sha512-ve2KP6f/JnbPBFyobGHuerC9g1FYGn/F8n1LWTwNxCEzd6IfqTwUQcNXgEtmmQ6DlRrC1hrSrBnCZPokRrDHjw==",
      "license": "MIT"
    }
  }
}
